Microsoft Visual Studio Solution File, Format Version 12.00
# Visual Studio 14
VisualStudioVersion = 14.0.25420.1
MinimumVisualStudioVersion = 10.0.40219.1
Project("{8BC9CEB8-8B4A-11D0-8D11-00A0C91BC942}") = "hello_muduo", "hello_muduo\hello_muduo.vcxproj", "{BBF11905-0FEA-42CC-B2C3-B3611AEBCB01}"
EndProject
Project("{8BC9CEB8-8B4A-11D0-8D11-00A0C91BC942}") = "echo_server_select", "echo_server_select\echo_server_select.vcxproj", "{E0043244-0F70-4AB3-9565-4090CD737080}"
EndProject
Project("{8BC9CEB8-8B4A-11D0-8D11-00A0C91BC942}") = "echo_client_select", "echo_client_select\echo_client_select.vcxproj", "{21C66C87-B23F-4467-9F4A-5BFC4A505BAC}"
EndProject
Project("{8BC9CEB8-8B4A-11D0-8D11-00A0C91BC942}") = "StockFactory", "StockFactory\StockFactory.vcxproj", "{046DFEC4-92A8-47B9-AD45-EFFABB0504F2}"
EndProject
Project("{8BC9CEB8-8B4A-11D0-8D11-00A0C91BC942}") = "MutexLock", "MutexLock\MutexLock.vcxproj", "{F8497AA4-5E0C-43B8-B6AC-6114D7D8CCB2}"
EndProject
Project("{8BC9CEB8-8B4A-11D0-8D11-00A0C91BC942}") = "echo_server_epoll", "echo_server_epoll\echo_server_epoll.vcxproj", "{7EE54107-8D02-4F02-A55A-44503A70F346}"
EndProject
Global
	GlobalSection(SolutionConfigurationPlatforms) = preSolution
		Debug|x86 = Debug|x86
		Release|x86 = Release|x86
	EndGlobalSection
	GlobalSection(ProjectConfigurationPlatforms) = postSolution
		{BBF11905-0FEA-42CC-B2C3-B3611AEBCB01}.Debug|x64.ActiveCfg = Debug|Win32
		{BBF11905-0FEA-42CC-B2C3-B3611AEBCB01}.Debug|x86.ActiveCfg = Debug|Win32
		{BBF11905-0FEA-42CC-B2C3-B3611AEBCB01}.Debug|x86.Build.0 = Debug|Win32
		{BBF11905-0FEA-42CC-B2C3-B3611AEBCB01}.Release|x64.ActiveCfg = Release|Win32
		{BBF11905-0FEA-42CC-B2C3-B3611AEBCB01}.Release|x86.ActiveCfg = Release|Win32
		{BBF11905-0FEA-42CC-B2C3-B3611AEBCB01}.Release|x86.Build.0 = Release|Win32
		{E0043244-0F70-4AB3-9565-4090CD737080}.Debug|x64.ActiveCfg = Debug|Win32
		{E0043244-0F70-4AB3-9565-4090CD737080}.Debug|x86.ActiveCfg = Debug|Win32
		{E0043244-0F70-4AB3-9565-4090CD737080}.Debug|x86.Build.0 = Debug|Win32
		{E0043244-0F70-4AB3-9565-4090CD737080}.Release|x64.ActiveCfg = Release|Win32
		{E0043244-0F70-4AB3-9565-4090CD737080}.Release|x86.ActiveCfg = Release|Win32
		{E0043244-0F70-4AB3-9565-4090CD737080}.Release|x86.Build.0 = Release|Win32
		{21C66C87-B23F-4467-9F4A-5BFC4A505BAC}.Debug|x64.ActiveCfg = Debug|Win32
		{21C66C87-B23F-4467-9F4A-5BFC4A505BAC}.Debug|x86.ActiveCfg = Debug|Win32
		{21C66C87-B23F-4467-9F4A-5BFC4A505BAC}.Debug|x86.Build.0 = Debug|Win32
		{21C66C87-B23F-4467-9F4A-5BFC4A505BAC}.Release|x64.ActiveCfg = Release|Win32
		{21C66C87-B23F-4467-9F4A-5BFC4A505BAC}.Release|x86.ActiveCfg = Release|Win32
		{21C66C87-B23F-4467-9F4A-5BFC4A505BAC}.Release|x86.Build.0 = Release|Win32
		{046DFEC4-92A8-47B9-AD45-EFFABB0504F2}.Debug|x64.ActiveCfg = Debug|x64
		{046DFEC4-92A8-47B9-AD45-EFFABB0504F2}.Debug|x64.Build.0 = Debug|x64
		{046DFEC4-92A8-47B9-AD45-EFFABB0504F2}.Debug|x86.ActiveCfg = Debug|Win32
		{046DFEC4-92A8-47B9-AD45-EFFABB0504F2}.Debug|x86.Build.0 = Debug|Win32
		{046DFEC4-92A8-47B9-AD45-EFFABB0504F2}.Release|x64.ActiveCfg = Release|x64
		{046DFEC4-92A8-47B9-AD45-EFFABB0504F2}.Release|x64.Build.0 = Release|x64
		{046DFEC4-92A8-47B9-AD45-EFFABB0504F2}.Release|x86.ActiveCfg = Release|Win32
		{046DFEC4-92A8-47B9-AD45-EFFABB0504F2}.Release|x86.Build.0 = Release|Win32
		{F8497AA4-5E0C-43B8-B6AC-6114D7D8CCB2}.Debug|x64.ActiveCfg = Debug|Win32
		{F8497AA4-5E0C-43B8-B6AC-6114D7D8CCB2}.Debug|x86.ActiveCfg = Debug|Win32
		{F8497AA4-5E0C-43B8-B6AC-6114D7D8CCB2}.Debug|x86.Build.0 = Debug|Win32
		{F8497AA4-5E0C-43B8-B6AC-6114D7D8CCB2}.Release|x64.ActiveCfg = Release|Win32
		{F8497AA4-5E0C-43B8-B6AC-6114D7D8CCB2}.Release|x86.ActiveCfg = Release|Win32
		{F8497AA4-5E0C-43B8-B6AC-6114D7D8CCB2}.Release|x86.Build.0 = Release|Win32
		{7EE54107-8D02-4F02-A55A-44503A70F346}.Debug|x64.ActiveCfg = Debug|Win32
		{7EE54107-8D02-4F02-A55A-44503A70F346}.Debug|x86.ActiveCfg = Debug|Win32
		{7EE54107-8D02-4F02-A55A-44503A70F346}.Debug|x86.Build.0 = Debug|Win32
		{7EE54107-8D02-4F02-A55A-44503A70F346}.Release|x64.ActiveCfg = Release|Win32
		{7EE54107-8D02-4F02-A55A-44503A70F346}.Release|x86.ActiveCfg = Release|Win32
		{7EE54107-8D02-4F02-A55A-44503A70F346}.Release|x86.Build.0 = Release|Win32
	EndGlobalSection
	GlobalSection(SolutionProperties) = preSolution
		HideSolutionNode = FALSE
	EndGlobalSection
EndGlobal
